
Microsoft Visual Studio Solution File, Format Version 12.00
# Visual Studio Version 17
VisualStudioVersion = 17.8.34330.188
MinimumVisualStudioVersion = 10.0.40219.1
Project("{9A19103F-16F7-4668-BE54-9A1E7A4F7556}") = "Http", "Http\Http.csproj", "{4A9D15AB-59DE-4919-91AA-FB27503AD893}"
EndProject
Project("{9A19103F-16F7-4668-BE54-9A1E7A4F7556}") = "LIN.Types", "LIN.Types\LIN.Types.csproj", "{EB0CB2D5-AA0A-4B39-AF63-EE254984F054}"
EndProject
Project("{9A19103F-16F7-4668-BE54-9A1E7A4F7556}") = "LIN.Types.Auth", "LIN.Types.Auth\LIN.Types.Auth.csproj", "{19E94E01-3732-4CB7-944F-814735420F7F}"
EndProject
Project("{9A19103F-16F7-4668-BE54-9A1E7A4F7556}") = "LIN.Types.Blogs", "LIN.Types.Blogs\LIN.Types.Blogs.csproj", "{F1475743-72BB-4B5D-B8FF-5C462ACDE2B3}"
EndProject
Project("{9A19103F-16F7-4668-BE54-9A1E7A4F7556}") = "LIN.Types.Calendar", "LIN.Types.Calendar\LIN.Types.Calendar.csproj", "{EDEE1B2F-8E0E-4B88-AD0E-B39F2D166079}"
EndProject
Project("{9A19103F-16F7-4668-BE54-9A1E7A4F7556}") = "LIN.Types.Cloud", "LIN.Types.Cloud\LIN.Types.Cloud.csproj", "{8F2A0824-3092-4DF4-9B0F-078B45EC67D1}"
EndProject
Project("{9A19103F-16F7-4668-BE54-9A1E7A4F7556}") = "LIN.Types.CommerceMax", "LIN.Types.CommerceMax\LIN.Types.CommerceMax.csproj", "{87E5C8B1-5047-4CE3-842E-7A9C872F0E1F}"
EndProject
Project("{9A19103F-16F7-4668-BE54-9A1E7A4F7556}") = "LIN.Types.Communication", "LIN.Types.Communication\LIN.Types.Communication.csproj", "{59D5D56F-29B4-45C0-BD54-1080174428E7}"
EndProject
Project("{9A19103F-16F7-4668-BE54-9A1E7A4F7556}") = "LIN.Types.Contacts", "LIN.Types.Contacts\LIN.Types.Contacts.csproj", "{ADE0DA85-7A4A-430D-84C7-838A3714A144}"
EndProject
Project("{9A19103F-16F7-4668-BE54-9A1E7A4F7556}") = "LIN.Types.Developer", "LIN.Types.Developer\LIN.Types.Developer.csproj", "{B070E7BA-1976-4EBF-A26F-226E84E19EED}"
EndProject
Project("{9A19103F-16F7-4668-BE54-9A1E7A4F7556}") = "LIN.Types.Emma", "LIN.Types.Emma\LIN.Types.Emma.csproj", "{ACABFE00-B90E-4034-A9B4-41A495B39379}"
EndProject
Project("{9A19103F-16F7-4668-BE54-9A1E7A4F7556}") = "LIN.Types.Employee", "LIN.Types.Employee\LIN.Types.Employee.csproj", "{F72A7AA1-2AA9-48EA-9309-33658CB2F5DD}"
EndProject
Project("{9A19103F-16F7-4668-BE54-9A1E7A4F7556}") = "LIN.Types.Identity", "LIN.Types.Identity\LIN.Types.Identity\LIN.Types.Identity.csproj", "{1235BDED-2434-40F6-A811-71050ACCEA34}"
EndProject
Project("{9A19103F-16F7-4668-BE54-9A1E7A4F7556}") = "LIN.Types.Inventory", "LIN.Types.Inventory\LIN.Types.Inventory.csproj", "{2F70218B-941B-479B-B492-50033E95FADA}"
EndProject
Project("{9A19103F-16F7-4668-BE54-9A1E7A4F7556}") = "LIN.Types.Labs.Applications", "LIN.Types.Labs.Applications\LIN.Types.Labs.Applications.csproj", "{70E3ABB0-CF59-40BB-BE12-ED74208F1FF8}"
EndProject
Project("{9A19103F-16F7-4668-BE54-9A1E7A4F7556}") = "LIN.Types.Maps", "LIN.Types.Maps\LIN.Types.Maps.csproj", "{323F7425-DB7F-4FEA-8ECC-8F40AF0C03DE}"
EndProject
Project("{9A19103F-16F7-4668-BE54-9A1E7A4F7556}") = "LIN.Types.Planner", "LIN.Types.Planner\LIN.Types.Planner.csproj", "{1144D7A1-A9EC-43F9-A43A-C519AB787735}"
EndProject
Project("{9A19103F-16F7-4668-BE54-9A1E7A4F7556}") = "LIN.Types.Notes", "LIN.Types.Notes\LIN.Types.Notes.csproj", "{537473E9-7768-4750-933E-177FAF2301C5}"
EndProject
Project("{9A19103F-16F7-4668-BE54-9A1E7A4F7556}") = "LIN.Types.Exp.Search", "LIN.Types.Exp.Search\LIN.Types.Exp.Search.csproj", "{FB464129-6D46-44FF-A578-867341A7D7A2}"
EndProject
Project("{9A19103F-16F7-4668-BE54-9A1E7A4F7556}") = "LIN.Types.Cloud.Identity", "LIN.Types.Cloud.Identity\LIN.Types.Cloud.Identity.csproj", "{29D63A5E-C394-4B6B-B68C-CB93C36361F8}"
EndProject
Global
	GlobalSection(SolutionConfigurationPlatforms) = preSolution
		Debug|Any CPU = Debug|Any CPU
		Release|Any CPU = Release|Any CPU
	EndGlobalSection
	GlobalSection(ProjectConfigurationPlatforms) = postSolution
		{4A9D15AB-59DE-4919-91AA-FB27503AD893}.Debug|Any CPU.ActiveCfg = Debug|Any CPU
		{4A9D15AB-59DE-4919-91AA-FB27503AD893}.Debug|Any CPU.Build.0 = Debug|Any CPU
		{4A9D15AB-59DE-4919-91AA-FB27503AD893}.Release|Any CPU.ActiveCfg = Release|Any CPU
		{4A9D15AB-59DE-4919-91AA-FB27503AD893}.Release|Any CPU.Build.0 = Release|Any CPU
		{EB0CB2D5-AA0A-4B39-AF63-EE254984F054}.Debug|Any CPU.ActiveCfg = Debug|Any CPU
		{EB0CB2D5-AA0A-4B39-AF63-EE254984F054}.Debug|Any CPU.Build.0 = Debug|Any CPU
		{EB0CB2D5-AA0A-4B39-AF63-EE254984F054}.Release|Any CPU.ActiveCfg = Release|Any CPU
		{EB0CB2D5-AA0A-4B39-AF63-EE254984F054}.Release|Any CPU.Build.0 = Release|Any CPU
		{19E94E01-3732-4CB7-944F-814735420F7F}.Debug|Any CPU.ActiveCfg = Debug|Any CPU
		{19E94E01-3732-4CB7-944F-814735420F7F}.Debug|Any CPU.Build.0 = Debug|Any CPU
		{19E94E01-3732-4CB7-944F-814735420F7F}.Release|Any CPU.ActiveCfg = Release|Any CPU
		{19E94E01-3732-4CB7-944F-814735420F7F}.Release|Any CPU.Build.0 = Release|Any CPU
		{F1475743-72BB-4B5D-B8FF-5C462ACDE2B3}.Debug|Any CPU.ActiveCfg = Debug|Any CPU
		{F1475743-72BB-4B5D-B8FF-5C462ACDE2B3}.Debug|Any CPU.Build.0 = Debug|Any CPU
		{F1475743-72BB-4B5D-B8FF-5C462ACDE2B3}.Release|Any CPU.ActiveCfg = Release|Any CPU
		{F1475743-72BB-4B5D-B8FF-5C462ACDE2B3}.Release|Any CPU.Build.0 = Release|Any CPU
		{EDEE1B2F-8E0E-4B88-AD0E-B39F2D166079}.Debug|Any CPU.ActiveCfg = Debug|Any CPU
		{EDEE1B2F-8E0E-4B88-AD0E-B39F2D166079}.Debug|Any CPU.Build.0 = Debug|Any CPU
		{EDEE1B2F-8E0E-4B88-AD0E-B39F2D166079}.Release|Any CPU.ActiveCfg = Release|Any CPU
		{EDEE1B2F-8E0E-4B88-AD0E-B39F2D166079}.Release|Any CPU.Build.0 = Release|Any CPU
		{8F2A0824-3092-4DF4-9B0F-078B45EC67D1}.Debug|Any CPU.ActiveCfg = Debug|Any CPU
		{8F2A0824-3092-4DF4-9B0F-078B45EC67D1}.Debug|Any CPU.Build.0 = Debug|Any CPU
		{8F2A0824-3092-4DF4-9B0F-078B45EC67D1}.Release|Any CPU.ActiveCfg = Release|Any CPU
		{8F2A0824-3092-4DF4-9B0F-078B45EC67D1}.Release|Any CPU.Build.0 = Release|Any CPU
		{87E5C8B1-5047-4CE3-842E-7A9C872F0E1F}.Debug|Any CPU.ActiveCfg = Debug|Any CPU
		{87E5C8B1-5047-4CE3-842E-7A9C872F0E1F}.Debug|Any CPU.Build.0 = Debug|Any CPU
		{87E5C8B1-5047-4CE3-842E-7A9C872F0E1F}.Release|Any CPU.ActiveCfg = Release|Any CPU
		{87E5C8B1-5047-4CE3-842E-7A9C872F0E1F}.Release|Any CPU.Build.0 = Release|Any CPU
		{59D5D56F-29B4-45C0-BD54-1080174428E7}.Debug|Any CPU.ActiveCfg = Debug|Any CPU
		{59D5D56F-29B4-45C0-BD54-1080174428E7}.Debug|Any CPU.Build.0 = Debug|Any CPU
		{59D5D56F-29B4-45C0-BD54-1080174428E7}.Release|Any CPU.ActiveCfg = Release|Any CPU
		{59D5D56F-29B4-45C0-BD54-1080174428E7}.Release|Any CPU.Build.0 = Release|Any CPU
		{ADE0DA85-7A4A-430D-84C7-838A3714A144}.Debug|Any CPU.ActiveCfg = Debug|Any CPU
		{ADE0DA85-7A4A-430D-84C7-838A3714A144}.Debug|Any CPU.Build.0 = Debug|Any CPU
		{ADE0DA85-7A4A-430D-84C7-838A3714A144}.Release|Any CPU.ActiveCfg = Release|Any CPU
		{ADE0DA85-7A4A-430D-84C7-838A3714A144}.Release|Any CPU.Build.0 = Release|Any CPU
		{B070E7BA-1976-4EBF-A26F-226E84E19EED}.Debug|Any CPU.ActiveCfg = Debug|Any CPU
		{B070E7BA-1976-4EBF-A26F-226E84E19EED}.Debug|Any CPU.Build.0 = Debug|Any CPU
		{B070E7BA-1976-4EBF-A26F-226E84E19EED}.Release|Any CPU.ActiveCfg = Release|Any CPU
		{B070E7BA-1976-4EBF-A26F-226E84E19EED}.Release|Any CPU.Build.0 = Release|Any CPU
		{ACABFE00-B90E-4034-A9B4-41A495B39379}.Debug|Any CPU.ActiveCfg = Debug|Any CPU
		{ACABFE00-B90E-4034-A9B4-41A495B39379}.Debug|Any CPU.Build.0 = Debug|Any CPU
		{ACABFE00-B90E-4034-A9B4-41A495B39379}.Release|Any CPU.ActiveCfg = Release|Any CPU
		{ACABFE00-B90E-4034-A9B4-41A495B39379}.Release|Any CPU.Build.0 = Release|Any CPU
		{F72A7AA1-2AA9-48EA-9309-33658CB2F5DD}.Debug|Any CPU.ActiveCfg = Debug|Any CPU
		{F72A7AA1-2AA9-48EA-9309-33658CB2F5DD}.Debug|Any CPU.Build.0 = Debug|Any CPU
		{F72A7AA1-2AA9-48EA-9309-33658CB2F5DD}.Release|Any CPU.ActiveCfg = Release|Any CPU
		{F72A7AA1-2AA9-48EA-9309-33658CB2F5DD}.Release|Any CPU.Build.0 = Release|Any CPU
		{1235BDED-2434-40F6-A811-71050ACCEA34}.Debug|Any CPU.ActiveCfg = Debug|Any CPU
		{1235BDED-2434-40F6-A811-71050ACCEA34}.Debug|Any CPU.Build.0 = Debug|Any CPU
		{1235BDED-2434-40F6-A811-71050ACCEA34}.Release|Any CPU.ActiveCfg = Release|Any CPU
		{1235BDED-2434-40F6-A811-71050ACCEA34}.Release|Any CPU.Build.0 = Release|Any CPU
		{2F70218B-941B-479B-B492-50033E95FADA}.Debug|Any CPU.ActiveCfg = Debug|Any CPU
		{2F70218B-941B-479B-B492-50033E95FADA}.Debug|Any CPU.Build.0 = Debug|Any CPU
		{2F70218B-941B-479B-B492-50033E95FADA}.Release|Any CPU.ActiveCfg = Release|Any CPU
		{2F70218B-941B-479B-B492-50033E95FADA}.Release|Any CPU.Build.0 = Release|Any CPU
		{70E3ABB0-CF59-40BB-BE12-ED74208F1FF8}.Debug|Any CPU.ActiveCfg = Debug|Any CPU
		{70E3ABB0-CF59-40BB-BE12-ED74208F1FF8}.Debug|Any CPU.Build.0 = Debug|Any CPU
		{70E3ABB0-CF59-40BB-BE12-ED74208F1FF8}.Release|Any CPU.ActiveCfg = Release|Any CPU
		{70E3ABB0-CF59-40BB-BE12-ED74208F1FF8}.Release|Any CPU.Build.0 = Release|Any CPU
		{323F7425-DB7F-4FEA-8ECC-8F40AF0C03DE}.Debug|Any CPU.ActiveCfg = Debug|Any CPU
		{323F7425-DB7F-4FEA-8ECC-8F40AF0C03DE}.Debug|Any CPU.Build.0 = Debug|Any CPU
		{323F7425-DB7F-4FEA-8ECC-8F40AF0C03DE}.Release|Any CPU.ActiveCfg = Release|Any CPU
		{323F7425-DB7F-4FEA-8ECC-8F40AF0C03DE}.Release|Any CPU.Build.0 = Release|Any CPU
		{1144D7A1-A9EC-43F9-A43A-C519AB787735}.Debug|Any CPU.ActiveCfg = Debug|Any CPU
		{1144D7A1-A9EC-43F9-A43A-C519AB787735}.Debug|Any CPU.Build.0 = Debug|Any CPU
		{1144D7A1-A9EC-43F9-A43A-C519AB787735}.Release|Any CPU.ActiveCfg = Release|Any CPU
		{1144D7A1-A9EC-43F9-A43A-C519AB787735}.Release|Any CPU.Build.0 = Release|Any CPU
		{537473E9-7768-4750-933E-177FAF2301C5}.Debug|Any CPU.ActiveCfg = Debug|Any CPU
		{537473E9-7768-4750-933E-177FAF2301C5}.Debug|Any CPU.Build.0 = Debug|Any CPU
		{537473E9-7768-4750-933E-177FAF2301C5}.Release|Any CPU.ActiveCfg = Release|Any CPU
		{537473E9-7768-4750-933E-177FAF2301C5}.Release|Any CPU.Build.0 = Release|Any CPU
		{FB464129-6D46-44FF-A578-867341A7D7A2}.Debug|Any CPU.ActiveCfg = Debug|Any CPU
		{FB464129-6D46-44FF-A578-867341A7D7A2}.Debug|Any CPU.Build.0 = Debug|Any CPU
		{FB464129-6D46-44FF-A578-867341A7D7A2}.Release|Any CPU.ActiveCfg = Release|Any CPU
		{FB464129-6D46-44FF-A578-867341A7D7A2}.Release|Any CPU.Build.0 = Release|Any CPU
		{29D63A5E-C394-4B6B-B68C-CB93C36361F8}.Debug|Any CPU.ActiveCfg = Debug|Any CPU
		{29D63A5E-C394-4B6B-B68C-CB93C36361F8}.Debug|Any CPU.Build.0 = Debug|Any CPU
		{29D63A5E-C394-4B6B-B68C-CB93C36361F8}.Release|Any CPU.ActiveCfg = Release|Any CPU
		{29D63A5E-C394-4B6B-B68C-CB93C36361F8}.Release|Any CPU.Build.0 = Release|Any CPU
	EndGlobalSection
	GlobalSection(SolutionProperties) = preSolution
		HideSolutionNode = FALSE
	EndGlobalSection
	GlobalSection(ExtensibilityGlobals) = postSolution
		SolutionGuid = {C9316EDE-37EE-4221-8CC8-D351A89398B6}
	EndGlobalSection
EndGlobal
